
Microsoft Visual Studio Solution File, Format Version 12.00
# Visual Studio Version 16
VisualStudioVersion = 16.0.30114.105
MinimumVisualStudioVersion = 10.0.40219.1
Project("{FAE04EC0-301F-11D3-BF4B-00C04F79EFBC}") = "WinFormApp", "WinFormApp\WinFormApp.csproj", "{08C56BB1-725E-42A9-8247-50ABCD51C988}"
EndProject
Project("{FAE04EC0-301F-11D3-BF4B-00C04F79EFBC}") = "ClockApp", "ClockApp\ClockApp\ClockApp.csproj", "{0034A909-4E7E-4CD0-926A-8A40B1B5BDC6}"
EndProject
Project("{FAE04EC0-301F-11D3-BF4B-00C04F79EFBC}") = "ButtonTestApp", "ButtonTestApp\ButtonTestApp.csproj", "{7FCD0429-EB36-4085-BC37-436126B1D3F4}"
EndProject
Project("{FAE04EC0-301F-11D3-BF4B-00C04F79EFBC}") = "CheckBoxTestApp", "CheckBoxTestApp\CheckBoxTestApp.csproj", "{41F00985-5F2E-4CB4-97D2-4088CFFA4894}"
EndProject
Project("{FAE04EC0-301F-11D3-BF4B-00C04F79EFBC}") = "RadioButtonTestApp", "RadioButtonTestApp\RadioButtonTestApp.csproj", "{884DEE22-7509-49A5-AFE5-A0670362E698}"
EndProject
Project("{FAE04EC0-301F-11D3-BF4B-00C04F79EFBC}") = "LoginApp", "LoginApp\LoginApp.csproj", "{1E939A8B-8F64-4D8A-8135-18663220BD04}"
EndProject
Project("{FAE04EC0-301F-11D3-BF4B-00C04F79EFBC}") = "ListControlTestApp", "ListControlTestApp\ListControlTestApp.csproj", "{D7C160A1-5ABD-4341-874E-93023F9DA7F3}"
EndProject
Project("{FAE04EC0-301F-11D3-BF4B-00C04F79EFBC}") = "CheckListBoxApp", "CheckListBoxApp\CheckListBoxApp.csproj", "{453226EE-750B-4256-866D-B41F83EC0214}"
EndProject
Project("{FAE04EC0-301F-11D3-BF4B-00C04F79EFBC}") = "ModalDialogApp", "ModalDialogApp\ModalDialogApp.csproj", "{4F9221C9-63D0-4FE4-B219-02F25D3108B0}"
EndProject
Project("{FAE04EC0-301F-11D3-BF4B-00C04F79EFBC}") = "OpenFileDlgApp", "OpenFileDlgApp\OpenFileDlgApp.csproj", "{447FC7C7-BBA7-48FE-90EF-C3C2EFF00D2F}"
EndProject
Project("{FAE04EC0-301F-11D3-BF4B-00C04F79EFBC}") = "MainMenuApp", "MainMenuApp\MainMenuApp.csproj", "{8539DE91-93D4-4CEA-8B6C-26292536DC76}"
EndProject
Project("{FAE04EC0-301F-11D3-BF4B-00C04F79EFBC}") = "ViewControlApp", "ViewControlApp\ViewControlApp.csproj", "{DAD911C3-E34E-4300-B7B2-894EFBF13EF6}"
EndProject
Project("{FAE04EC0-301F-11D3-BF4B-00C04F79EFBC}") = "TreeViewApp", "TreeViewApp\TreeViewApp.csproj", "{DE4BFB88-7E62-4B1E-A53B-737E80CBF599}"
EndProject
Project("{FAE04EC0-301F-11D3-BF4B-00C04F79EFBC}") = "ProgressBarApp", "ProgressBarApp\ProgressBarApp.csproj", "{D15E97EA-D1E8-4831-A7C3-8600CB107360}"
EndProject
Project("{FAE04EC0-301F-11D3-BF4B-00C04F79EFBC}") = "TimerApp", "TimerApp\TimerApp.csproj", "{1CE311F4-F839-4F8F-8691-88EE08FE0D35}"
EndProject
Project("{FAE04EC0-301F-11D3-BF4B-00C04F79EFBC}") = "GraphicApp", "GraphicApp\GraphicApp.csproj", "{531D1108-BDA2-4117-B4DA-1B87DC51EEE7}"
EndProject
Project("{FAE04EC0-301F-11D3-BF4B-00C04F79EFBC}") = "ChartControlApp", "ChartControlApp\ChartControlApp.csproj", "{69D18149-E347-4C83-B38B-DCB46BD658C8}"
EndProject
Project("{FAE04EC0-301F-11D3-BF4B-00C04F79EFBC}") = "BookRentalShop20", "BookRentalShop20\BookRentalShop20.csproj", "{8CC0758A-0324-4BA9-9229-56C3D76AE7B3}"
EndProject
Global
	GlobalSection(SolutionConfigurationPlatforms) = preSolution
		Debug|Any CPU = Debug|Any CPU
		Release|Any CPU = Release|Any CPU
	EndGlobalSection
	GlobalSection(ProjectConfigurationPlatforms) = postSolution
		{08C56BB1-725E-42A9-8247-50ABCD51C988}.Debug|Any CPU.ActiveCfg = Debug|Any CPU
		{08C56BB1-725E-42A9-8247-50ABCD51C988}.Debug|Any CPU.Build.0 = Debug|Any CPU
		{08C56BB1-725E-42A9-8247-50ABCD51C988}.Release|Any CPU.ActiveCfg = Release|Any CPU
		{08C56BB1-725E-42A9-8247-50ABCD51C988}.Release|Any CPU.Build.0 = Release|Any CPU
		{0034A909-4E7E-4CD0-926A-8A40B1B5BDC6}.Debug|Any CPU.ActiveCfg = Debug|Any CPU
		{0034A909-4E7E-4CD0-926A-8A40B1B5BDC6}.Debug|Any CPU.Build.0 = Debug|Any CPU
		{0034A909-4E7E-4CD0-926A-8A40B1B5BDC6}.Release|Any CPU.ActiveCfg = Release|Any CPU
		{0034A909-4E7E-4CD0-926A-8A40B1B5BDC6}.Release|Any CPU.Build.0 = Release|Any CPU
		{7FCD0429-EB36-4085-BC37-436126B1D3F4}.Debug|Any CPU.ActiveCfg = Debug|Any CPU
		{7FCD0429-EB36-4085-BC37-436126B1D3F4}.Debug|Any CPU.Build.0 = Debug|Any CPU
		{7FCD0429-EB36-4085-BC37-436126B1D3F4}.Release|Any CPU.ActiveCfg = Release|Any CPU
		{7FCD0429-EB36-4085-BC37-436126B1D3F4}.Release|Any CPU.Build.0 = Release|Any CPU
		{41F00985-5F2E-4CB4-97D2-4088CFFA4894}.Debug|Any CPU.ActiveCfg = Debug|Any CPU
		{41F00985-5F2E-4CB4-97D2-4088CFFA4894}.Debug|Any CPU.Build.0 = Debug|Any CPU
		{41F00985-5F2E-4CB4-97D2-4088CFFA4894}.Release|Any CPU.ActiveCfg = Release|Any CPU
		{41F00985-5F2E-4CB4-97D2-4088CFFA4894}.Release|Any CPU.Build.0 = Release|Any CPU
		{884DEE22-7509-49A5-AFE5-A0670362E698}.Debug|Any CPU.ActiveCfg = Debug|Any CPU
		{884DEE22-7509-49A5-AFE5-A0670362E698}.Debug|Any CPU.Build.0 = Debug|Any CPU
		{884DEE22-7509-49A5-AFE5-A0670362E698}.Release|Any CPU.ActiveCfg = Release|Any CPU
		{884DEE22-7509-49A5-AFE5-A0670362E698}.Release|Any CPU.Build.0 = Release|Any CPU
		{1E939A8B-8F64-4D8A-8135-18663220BD04}.Debug|Any CPU.ActiveCfg = Debug|Any CPU
		{1E939A8B-8F64-4D8A-8135-18663220BD04}.Debug|Any CPU.Build.0 = Debug|Any CPU
		{1E939A8B-8F64-4D8A-8135-18663220BD04}.Release|Any CPU.ActiveCfg = Release|Any CPU
		{1E939A8B-8F64-4D8A-8135-18663220BD04}.Release|Any CPU.Build.0 = Release|Any CPU
		{D7C160A1-5ABD-4341-874E-93023F9DA7F3}.Debug|Any CPU.ActiveCfg = Debug|Any CPU
		{D7C160A1-5ABD-4341-874E-93023F9DA7F3}.Debug|Any CPU.Build.0 = Debug|Any CPU
		{D7C160A1-5ABD-4341-874E-93023F9DA7F3}.Release|Any CPU.ActiveCfg = Release|Any CPU
		{D7C160A1-5ABD-4341-874E-93023F9DA7F3}.Release|Any CPU.Build.0 = Release|Any CPU
		{453226EE-750B-4256-866D-B41F83EC0214}.Debug|Any CPU.ActiveCfg = Debug|Any CPU
		{453226EE-750B-4256-866D-B41F83EC0214}.Debug|Any CPU.Build.0 = Debug|Any CPU
		{453226EE-750B-4256-866D-B41F83EC0214}.Release|Any CPU.ActiveCfg = Release|Any CPU
		{453226EE-750B-4256-866D-B41F83EC0214}.Release|Any CPU.Build.0 = Release|Any CPU
		{4F9221C9-63D0-4FE4-B219-02F25D3108B0}.Debug|Any CPU.ActiveCfg = Debug|Any CPU
		{4F9221C9-63D0-4FE4-B219-02F25D3108B0}.Debug|Any CPU.Build.0 = Debug|Any CPU
		{4F9221C9-63D0-4FE4-B219-02F25D3108B0}.Release|Any CPU.ActiveCfg = Release|Any CPU
		{4F9221C9-63D0-4FE4-B219-02F25D3108B0}.Release|Any CPU.Build.0 = Release|Any CPU
		{447FC7C7-BBA7-48FE-90EF-C3C2EFF00D2F}.Debug|Any CPU.ActiveCfg = Debug|Any CPU
		{447FC7C7-BBA7-48FE-90EF-C3C2EFF00D2F}.Debug|Any CPU.Build.0 = Debug|Any CPU
		{447FC7C7-BBA7-48FE-90EF-C3C2EFF00D2F}.Release|Any CPU.ActiveCfg = Release|Any CPU
		{447FC7C7-BBA7-48FE-90EF-C3C2EFF00D2F}.Release|Any CPU.Build.0 = Release|Any CPU
		{8539DE91-93D4-4CEA-8B6C-26292536DC76}.Debug|Any CPU.ActiveCfg = Debug|Any CPU
		{8539DE91-93D4-4CEA-8B6C-26292536DC76}.Debug|Any CPU.Build.0 = Debug|Any CPU
		{8539DE91-93D4-4CEA-8B6C-26292536DC76}.Release|Any CPU.ActiveCfg = Release|Any CPU
		{8539DE91-93D4-4CEA-8B6C-26292536DC76}.Release|Any CPU.Build.0 = Release|Any CPU
		{DAD911C3-E34E-4300-B7B2-894EFBF13EF6}.Debug|Any CPU.ActiveCfg = Debug|Any CPU
		{DAD911C3-E34E-4300-B7B2-894EFBF13EF6}.Debug|Any CPU.Build.0 = Debug|Any CPU
		{DAD911C3-E34E-4300-B7B2-894EFBF13EF6}.Release|Any CPU.ActiveCfg = Release|Any CPU
		{DAD911C3-E34E-4300-B7B2-894EFBF13EF6}.Release|Any CPU.Build.0 = Release|Any CPU
		{DE4BFB88-7E62-4B1E-A53B-737E80CBF599}.Debug|Any CPU.ActiveCfg = Debug|Any CPU
		{DE4BFB88-7E62-4B1E-A53B-737E80CBF599}.Debug|Any CPU.Build.0 = Debug|Any CPU
		{DE4BFB88-7E62-4B1E-A53B-737E80CBF599}.Release|Any CPU.ActiveCfg = Release|Any CPU
		{DE4BFB88-7E62-4B1E-A53B-737E80CBF599}.Release|Any CPU.Build.0 = Release|Any CPU
		{D15E97EA-D1E8-4831-A7C3-8600CB107360}.Debug|Any CPU.ActiveCfg = Debug|Any CPU
		{D15E97EA-D1E8-4831-A7C3-8600CB107360}.Debug|Any CPU.Build.0 = Debug|Any CPU
		{D15E97EA-D1E8-4831-A7C3-8600CB107360}.Release|Any CPU.ActiveCfg = Release|Any CPU
		{D15E97EA-D1E8-4831-A7C3-8600CB107360}.Release|Any CPU.Build.0 = Release|Any CPU
		{1CE311F4-F839-4F8F-8691-88EE08FE0D35}.Debug|Any CPU.ActiveCfg = Debug|Any CPU
		{1CE311F4-F839-4F8F-8691-88EE08FE0D35}.Debug|Any CPU.Build.0 = Debug|Any CPU
		{1CE311F4-F839-4F8F-8691-88EE08FE0D35}.Release|Any CPU.ActiveCfg = Release|Any CPU
		{1CE311F4-F839-4F8F-8691-88EE08FE0D35}.Release|Any CPU.Build.0 = Release|Any CPU
		{531D1108-BDA2-4117-B4DA-1B87DC51EEE7}.Debug|Any CPU.ActiveCfg = Debug|Any CPU
		{531D1108-BDA2-4117-B4DA-1B87DC51EEE7}.Debug|Any CPU.Build.0 = Debug|Any CPU
		{531D1108-BDA2-4117-B4DA-1B87DC51EEE7}.Release|Any CPU.ActiveCfg = Release|Any CPU
		{531D1108-BDA2-4117-B4DA-1B87DC51EEE7}.Release|Any CPU.Build.0 = Release|Any CPU
		{69D18149-E347-4C83-B38B-DCB46BD658C8}.Debug|Any CPU.ActiveCfg = Debug|Any CPU
		{69D18149-E347-4C83-B38B-DCB46BD658C8}.Debug|Any CPU.Build.0 = Debug|Any CPU
		{69D18149-E347-4C83-B38B-DCB46BD658C8}.Release|Any CPU.ActiveCfg = Release|Any CPU
		{69D18149-E347-4C83-B38B-DCB46BD658C8}.Release|Any CPU.Build.0 = Release|Any CPU
		{8CC0758A-0324-4BA9-9229-56C3D76AE7B3}.Debug|Any CPU.ActiveCfg = Debug|Any CPU
		{8CC0758A-0324-4BA9-9229-56C3D76AE7B3}.Debug|Any CPU.Build.0 = Debug|Any CPU
		{8CC0758A-0324-4BA9-9229-56C3D76AE7B3}.Release|Any CPU.ActiveCfg = Release|Any CPU
		{8CC0758A-0324-4BA9-9229-56C3D76AE7B3}.Release|Any CPU.Build.0 = Release|Any CPU
	EndGlobalSection
	GlobalSection(SolutionProperties) = preSolution
		HideSolutionNode = FALSE
	EndGlobalSection
	GlobalSection(ExtensibilityGlobals) = postSolution
		SolutionGuid = {69B59D72-9BC1-45E1-B4B5-5AB787FDE6B5}
	EndGlobalSection
EndGlobal
